<?xml version="1.0" encoding="UTF-8"?>
<Project ToolsVersion="14.0" xmlns="http://schemas.microsoft.com/developer/msbuild/2003">
  <ItemGroup>
    <CustomBuild Include="C:\digitalknob\DKPlugins\DKScreenRecorder\win32\CMakeFiles\1defef92bcdba555d9db504cee1a83b2\generate.stamp.rule">
      <Filter>CMake Rules</Filter>
    </CustomBuild>
  </ItemGroup>
  <ItemGroup>
    <Filter Include="CMake Rules">
      <UniqueIdentifier>{EA641C6B-2AED-3AC9-9CDB-A967DD063AD7}</UniqueIdentifier>
    </Filter>
  </ItemGroup>
</Project>
